
Microsoft Visual Studio Solution File, Format Version 12.00
# Visual Studio 14
VisualStudioVersion = 14.0.25420.1
MinimumVisualStudioVersion = 12.0
Project("{2150E333-8FDC-42A3-9474-1A3956D46DE8}") = "Lib", "Lib", "{4F25A8F2-2B4F-49C5-AA10-51610C5E6F1D}"
EndProject
Project("{2150E333-8FDC-42A3-9474-1A3956D46DE8}") = "App", "App", "{E194EF42-DCCA-45F0-8C95-BCA0BF229BEB}"
EndProject
Project("{2150E333-8FDC-42A3-9474-1A3956D46DE8}") = "Driver", "Driver", "{C86EDC2A-0353-4B65-9429-5A7161C37728}"
EndProject
Project("{8BC9CEB8-8B4A-11D0-8D11-00A0C91BC942}") = "Tester", "app\Tester\Tester.vcxproj", "{A7E8A874-4D69-450E-AFE2-365DE627CCA8}"
EndProject
Project("{8BC9CEB8-8B4A-11D0-8D11-00A0C91BC942}") = "incendium", "lib\incendium\incendium.vcxproj", "{DC5D0C89-8BD2-4A27-8768-C03BB703C2C3}"
EndProject
Project("{FAE04EC0-301F-11D3-BF4B-00C04F79EFBC}") = "FireShockCockpit", "FireShockCockpit\FireShockCockpit.csproj", "{AC47555C-024B-4506-8B32-98512A97E404}"
EndProject
Project("{8BC9CEB8-8B4A-11D0-8D11-00A0C91BC942}") = "FireShock Driver Redistributable", "FireShock Driver Redistributable\FireShock Driver Redistributable.vcxproj", "{32DE4A83-31A8-45FA-A9AD-041FD12C5434}"
EndProject
Project("{2150E333-8FDC-42A3-9474-1A3956D46DE8}") = "Package", "Package", "{A2524730-8967-4C46-A77A-F8792DC6A05C}"
EndProject
Project("{8BC9CEB8-8B4A-11D0-8D11-00A0C91BC942}") = "hidkmdf", "hidkmdf\hidkmdf.vcxproj", "{EC5DCAF5-3514-4E61-8201-10F5F060E096}"
EndProject
Project("{8BC9CEB8-8B4A-11D0-8D11-00A0C91BC942}") = "FireShock", "sys\FireShock\FireShock.vcxproj", "{DA7EED8A-1170-4861-BFF3-14065A0E935B}"
EndProject
Global
	GlobalSection(SolutionConfigurationPlatforms) = preSolution
		Debug|Any CPU = Debug|Any CPU
		Debug|ARM = Debug|ARM
		Debug|ARM64 = Debug|ARM64
		Debug|Win32 = Debug|Win32
		Debug|x64 = Debug|x64
		Release|Any CPU = Release|Any CPU
		Release|ARM = Release|ARM
		Release|ARM64 = Release|ARM64
		Release|Win32 = Release|Win32
		Release|x64 = Release|x64
	EndGlobalSection
	GlobalSection(ProjectConfigurationPlatforms) = postSolution
		{A7E8A874-4D69-450E-AFE2-365DE627CCA8}.Debug|Any CPU.ActiveCfg = Debug|Win32
		{A7E8A874-4D69-450E-AFE2-365DE627CCA8}.Debug|ARM.ActiveCfg = Debug|Win32
		{A7E8A874-4D69-450E-AFE2-365DE627CCA8}.Debug|ARM64.ActiveCfg = Debug|Win32
		{A7E8A874-4D69-450E-AFE2-365DE627CCA8}.Debug|Win32.ActiveCfg = Debug|Win32
		{A7E8A874-4D69-450E-AFE2-365DE627CCA8}.Debug|Win32.Build.0 = Debug|Win32
		{A7E8A874-4D69-450E-AFE2-365DE627CCA8}.Debug|x64.ActiveCfg = Debug|x64
		{A7E8A874-4D69-450E-AFE2-365DE627CCA8}.Debug|x64.Build.0 = Debug|x64
		{A7E8A874-4D69-450E-AFE2-365DE627CCA8}.Debug|x64.Deploy.0 = Debug|x64
		{A7E8A874-4D69-450E-AFE2-365DE627CCA8}.Release|Any CPU.ActiveCfg = Release|Win32
		{A7E8A874-4D69-450E-AFE2-365DE627CCA8}.Release|ARM.ActiveCfg = Release|Win32
		{A7E8A874-4D69-450E-AFE2-365DE627CCA8}.Release|ARM64.ActiveCfg = Release|Win32
		{A7E8A874-4D69-450E-AFE2-365DE627CCA8}.Release|Win32.ActiveCfg = Release|Win32
		{A7E8A874-4D69-450E-AFE2-365DE627CCA8}.Release|Win32.Build.0 = Release|Win32
		{A7E8A874-4D69-450E-AFE2-365DE627CCA8}.Release|x64.ActiveCfg = Release|x64
		{A7E8A874-4D69-450E-AFE2-365DE627CCA8}.Release|x64.Build.0 = Release|x64
		{A7E8A874-4D69-450E-AFE2-365DE627CCA8}.Release|x64.Deploy.0 = Release|x64
		{DC5D0C89-8BD2-4A27-8768-C03BB703C2C3}.Debug|Any CPU.ActiveCfg = Debug|Win32
		{DC5D0C89-8BD2-4A27-8768-C03BB703C2C3}.Debug|ARM.ActiveCfg = Debug|Win32
		{DC5D0C89-8BD2-4A27-8768-C03BB703C2C3}.Debug|ARM64.ActiveCfg = Debug|Win32
		{DC5D0C89-8BD2-4A27-8768-C03BB703C2C3}.Debug|Win32.ActiveCfg = Debug|Win32
		{DC5D0C89-8BD2-4A27-8768-C03BB703C2C3}.Debug|Win32.Build.0 = Debug|Win32
		{DC5D0C89-8BD2-4A27-8768-C03BB703C2C3}.Debug|x64.ActiveCfg = Debug|x64
		{DC5D0C89-8BD2-4A27-8768-C03BB703C2C3}.Debug|x64.Build.0 = Debug|x64
		{DC5D0C89-8BD2-4A27-8768-C03BB703C2C3}.Debug|x64.Deploy.0 = Debug|x64
		{DC5D0C89-8BD2-4A27-8768-C03BB703C2C3}.Release|Any CPU.ActiveCfg = Release|Win32
		{DC5D0C89-8BD2-4A27-8768-C03BB703C2C3}.Release|ARM.ActiveCfg = Release|Win32
		{DC5D0C89-8BD2-4A27-8768-C03BB703C2C3}.Release|ARM64.ActiveCfg = Release|Win32
		{DC5D0C89-8BD2-4A27-8768-C03BB703C2C3}.Release|Win32.ActiveCfg = Release|Win32
		{DC5D0C89-8BD2-4A27-8768-C03BB703C2C3}.Release|Win32.Build.0 = Release|Win32
		{DC5D0C89-8BD2-4A27-8768-C03BB703C2C3}.Release|x64.ActiveCfg = Release|x64
		{DC5D0C89-8BD2-4A27-8768-C03BB703C2C3}.Release|x64.Build.0 = Release|x64
		{DC5D0C89-8BD2-4A27-8768-C03BB703C2C3}.Release|x64.Deploy.0 = Release|x64
		{AC47555C-024B-4506-8B32-98512A97E404}.Debug|Any CPU.ActiveCfg = Debug|Any CPU
		{AC47555C-024B-4506-8B32-98512A97E404}.Debug|Any CPU.Build.0 = Debug|Any CPU
		{AC47555C-024B-4506-8B32-98512A97E404}.Debug|ARM.ActiveCfg = Debug|Any CPU
		{AC47555C-024B-4506-8B32-98512A97E404}.Debug|ARM.Build.0 = Debug|Any CPU
		{AC47555C-024B-4506-8B32-98512A97E404}.Debug|ARM64.ActiveCfg = Debug|Any CPU
		{AC47555C-024B-4506-8B32-98512A97E404}.Debug|ARM64.Build.0 = Debug|Any CPU
		{AC47555C-024B-4506-8B32-98512A97E404}.Debug|Win32.ActiveCfg = Debug|Any CPU
		{AC47555C-024B-4506-8B32-98512A97E404}.Debug|Win32.Build.0 = Debug|Any CPU
		{AC47555C-024B-4506-8B32-98512A97E404}.Debug|x64.ActiveCfg = Debug|Any CPU
		{AC47555C-024B-4506-8B32-98512A97E404}.Debug|x64.Build.0 = Debug|Any CPU
		{AC47555C-024B-4506-8B32-98512A97E404}.Release|Any CPU.ActiveCfg = Release|Any CPU
		{AC47555C-024B-4506-8B32-98512A97E404}.Release|Any CPU.Build.0 = Release|Any CPU
		{AC47555C-024B-4506-8B32-98512A97E404}.Release|ARM.ActiveCfg = Release|Any CPU
		{AC47555C-024B-4506-8B32-98512A97E404}.Release|ARM.Build.0 = Release|Any CPU
		{AC47555C-024B-4506-8B32-98512A97E404}.Release|ARM64.ActiveCfg = Release|Any CPU
		{AC47555C-024B-4506-8B32-98512A97E404}.Release|ARM64.Build.0 = Release|Any CPU
		{AC47555C-024B-4506-8B32-98512A97E404}.Release|Win32.ActiveCfg = Release|Any CPU
		{AC47555C-024B-4506-8B32-98512A97E404}.Release|Win32.Build.0 = Release|Any CPU
		{AC47555C-024B-4506-8B32-98512A97E404}.Release|x64.ActiveCfg = Release|Any CPU
		{AC47555C-024B-4506-8B32-98512A97E404}.Release|x64.Build.0 = Release|Any CPU
		{32DE4A83-31A8-45FA-A9AD-041FD12C5434}.Debug|Any CPU.ActiveCfg = Debug|Win32
		{32DE4A83-31A8-45FA-A9AD-041FD12C5434}.Debug|ARM.ActiveCfg = Debug|ARM
		{32DE4A83-31A8-45FA-A9AD-041FD12C5434}.Debug|ARM.Build.0 = Debug|ARM
		{32DE4A83-31A8-45FA-A9AD-041FD12C5434}.Debug|ARM.Deploy.0 = Debug|ARM
		{32DE4A83-31A8-45FA-A9AD-041FD12C5434}.Debug|ARM64.ActiveCfg = Debug|ARM64
		{32DE4A83-31A8-45FA-A9AD-041FD12C5434}.Debug|ARM64.Build.0 = Debug|ARM64
		{32DE4A83-31A8-45FA-A9AD-041FD12C5434}.Debug|ARM64.Deploy.0 = Debug|ARM64
		{32DE4A83-31A8-45FA-A9AD-041FD12C5434}.Debug|Win32.ActiveCfg = Debug|Win32
		{32DE4A83-31A8-45FA-A9AD-041FD12C5434}.Debug|Win32.Build.0 = Debug|Win32
		{32DE4A83-31A8-45FA-A9AD-041FD12C5434}.Debug|Win32.Deploy.0 = Debug|Win32
		{32DE4A83-31A8-45FA-A9AD-041FD12C5434}.Debug|x64.ActiveCfg = Debug|x64
		{32DE4A83-31A8-45FA-A9AD-041FD12C5434}.Debug|x64.Build.0 = Debug|x64
		{32DE4A83-31A8-45FA-A9AD-041FD12C5434}.Debug|x64.Deploy.0 = Debug|x64
		{32DE4A83-31A8-45FA-A9AD-041FD12C5434}.Release|Any CPU.ActiveCfg = Release|Win32
		{32DE4A83-31A8-45FA-A9AD-041FD12C5434}.Release|ARM.ActiveCfg = Release|ARM
		{32DE4A83-31A8-45FA-A9AD-041FD12C5434}.Release|ARM.Build.0 = Release|ARM
		{32DE4A83-31A8-45FA-A9AD-041FD12C5434}.Release|ARM.Deploy.0 = Release|ARM
		{32DE4A83-31A8-45FA-A9AD-041FD12C5434}.Release|ARM64.ActiveCfg = Release|ARM64
		{32DE4A83-31A8-45FA-A9AD-041FD12C5434}.Release|ARM64.Build.0 = Release|ARM64
		{32DE4A83-31A8-45FA-A9AD-041FD12C5434}.Release|ARM64.Deploy.0 = Release|ARM64
		{32DE4A83-31A8-45FA-A9AD-041FD12C5434}.Release|Win32.ActiveCfg = Release|Win32
		{32DE4A83-31A8-45FA-A9AD-041FD12C5434}.Release|Win32.Build.0 = Release|Win32
		{32DE4A83-31A8-45FA-A9AD-041FD12C5434}.Release|Win32.Deploy.0 = Release|Win32
		{32DE4A83-31A8-45FA-A9AD-041FD12C5434}.Release|x64.ActiveCfg = Release|x64
		{32DE4A83-31A8-45FA-A9AD-041FD12C5434}.Release|x64.Build.0 = Release|x64
		{32DE4A83-31A8-45FA-A9AD-041FD12C5434}.Release|x64.Deploy.0 = Release|x64
		{EC5DCAF5-3514-4E61-8201-10F5F060E096}.Debug|Any CPU.ActiveCfg = Debug|Win32
		{EC5DCAF5-3514-4E61-8201-10F5F060E096}.Debug|ARM.ActiveCfg = Debug|Win32
		{EC5DCAF5-3514-4E61-8201-10F5F060E096}.Debug|ARM64.ActiveCfg = Debug|Win32
		{EC5DCAF5-3514-4E61-8201-10F5F060E096}.Debug|Win32.ActiveCfg = Debug|Win32
		{EC5DCAF5-3514-4E61-8201-10F5F060E096}.Debug|Win32.Build.0 = Debug|Win32
		{EC5DCAF5-3514-4E61-8201-10F5F060E096}.Debug|Win32.Deploy.0 = Debug|Win32
		{EC5DCAF5-3514-4E61-8201-10F5F060E096}.Debug|x64.ActiveCfg = Debug|x64
		{EC5DCAF5-3514-4E61-8201-10F5F060E096}.Debug|x64.Build.0 = Debug|x64
		{EC5DCAF5-3514-4E61-8201-10F5F060E096}.Debug|x64.Deploy.0 = Debug|x64
		{EC5DCAF5-3514-4E61-8201-10F5F060E096}.Release|Any CPU.ActiveCfg = Release|Win32
		{EC5DCAF5-3514-4E61-8201-10F5F060E096}.Release|ARM.ActiveCfg = Release|Win32
		{EC5DCAF5-3514-4E61-8201-10F5F060E096}.Release|ARM64.ActiveCfg = Release|Win32
		{EC5DCAF5-3514-4E61-8201-10F5F060E096}.Release|Win32.ActiveCfg = Release|Win32
		{EC5DCAF5-3514-4E61-8201-10F5F060E096}.Release|Win32.Build.0 = Release|Win32
		{EC5DCAF5-3514-4E61-8201-10F5F060E096}.Release|Win32.Deploy.0 = Release|Win32
		{EC5DCAF5-3514-4E61-8201-10F5F060E096}.Release|x64.ActiveCfg = Release|x64
		{EC5DCAF5-3514-4E61-8201-10F5F060E096}.Release|x64.Build.0 = Release|x64
		{EC5DCAF5-3514-4E61-8201-10F5F060E096}.Release|x64.Deploy.0 = Release|x64
		{DA7EED8A-1170-4861-BFF3-14065A0E935B}.Debug|Any CPU.ActiveCfg = Debug|Win32
		{DA7EED8A-1170-4861-BFF3-14065A0E935B}.Debug|ARM.ActiveCfg = Debug|ARM
		{DA7EED8A-1170-4861-BFF3-14065A0E935B}.Debug|ARM.Build.0 = Debug|ARM
		{DA7EED8A-1170-4861-BFF3-14065A0E935B}.Debug|ARM.Deploy.0 = Debug|ARM
		{DA7EED8A-1170-4861-BFF3-14065A0E935B}.Debug|ARM64.ActiveCfg = Debug|ARM64
		{DA7EED8A-1170-4861-BFF3-14065A0E935B}.Debug|ARM64.Build.0 = Debug|ARM64
		{DA7EED8A-1170-4861-BFF3-14065A0E935B}.Debug|ARM64.Deploy.0 = Debug|ARM64
		{DA7EED8A-1170-4861-BFF3-14065A0E935B}.Debug|Win32.ActiveCfg = Debug|Win32
		{DA7EED8A-1170-4861-BFF3-14065A0E935B}.Debug|Win32.Build.0 = Debug|Win32
		{DA7EED8A-1170-4861-BFF3-14065A0E935B}.Debug|Win32.Deploy.0 = Debug|Win32
		{DA7EED8A-1170-4861-BFF3-14065A0E935B}.Debug|x64.ActiveCfg = Debug|x64
		{DA7EED8A-1170-4861-BFF3-14065A0E935B}.Debug|x64.Build.0 = Debug|x64
		{DA7EED8A-1170-4861-BFF3-14065A0E935B}.Debug|x64.Deploy.0 = Debug|x64
		{DA7EED8A-1170-4861-BFF3-14065A0E935B}.Release|Any CPU.ActiveCfg = Release|Win32
		{DA7EED8A-1170-4861-BFF3-14065A0E935B}.Release|ARM.ActiveCfg = Release|ARM
		{DA7EED8A-1170-4861-BFF3-14065A0E935B}.Release|ARM.Build.0 = Release|ARM
		{DA7EED8A-1170-4861-BFF3-14065A0E935B}.Release|ARM.Deploy.0 = Release|ARM
		{DA7EED8A-1170-4861-BFF3-14065A0E935B}.Release|ARM64.ActiveCfg = Release|ARM64
		{DA7EED8A-1170-4861-BFF3-14065A0E935B}.Release|ARM64.Build.0 = Release|ARM64
		{DA7EED8A-1170-4861-BFF3-14065A0E935B}.Release|ARM64.Deploy.0 = Release|ARM64
		{DA7EED8A-1170-4861-BFF3-14065A0E935B}.Release|Win32.ActiveCfg = Release|Win32
		{DA7EED8A-1170-4861-BFF3-14065A0E935B}.Release|Win32.Build.0 = Release|Win32
		{DA7EED8A-1170-4861-BFF3-14065A0E935B}.Release|Win32.Deploy.0 = Release|Win32
		{DA7EED8A-1170-4861-BFF3-14065A0E935B}.Release|x64.ActiveCfg = Release|x64
		{DA7EED8A-1170-4861-BFF3-14065A0E935B}.Release|x64.Build.0 = Release|x64
		{DA7EED8A-1170-4861-BFF3-14065A0E935B}.Release|x64.Deploy.0 = Release|x64
	EndGlobalSection
	GlobalSection(SolutionProperties) = preSolution
		HideSolutionNode = FALSE
	EndGlobalSection
	GlobalSection(NestedProjects) = preSolution
		{A7E8A874-4D69-450E-AFE2-365DE627CCA8} = {E194EF42-DCCA-45F0-8C95-BCA0BF229BEB}
		{DC5D0C89-8BD2-4A27-8768-C03BB703C2C3} = {4F25A8F2-2B4F-49C5-AA10-51610C5E6F1D}
		{AC47555C-024B-4506-8B32-98512A97E404} = {E194EF42-DCCA-45F0-8C95-BCA0BF229BEB}
		{32DE4A83-31A8-45FA-A9AD-041FD12C5434} = {A2524730-8967-4C46-A77A-F8792DC6A05C}
		{EC5DCAF5-3514-4E61-8201-10F5F060E096} = {C86EDC2A-0353-4B65-9429-5A7161C37728}
		{DA7EED8A-1170-4861-BFF3-14065A0E935B} = {C86EDC2A-0353-4B65-9429-5A7161C37728}
	EndGlobalSection
EndGlobal
