
Microsoft Visual Studio Solution File, Format Version 12.00
# Visual Studio Version 16
VisualStudioVersion = 16.0.29519.181
MinimumVisualStudioVersion = 12.0
Project("{8BC9CEB8-8B4A-11D0-8D11-00A0C91BC942}") = "FireShock", "sys\FireShock\FireShock.vcxproj", "{5358EDF5-FF61-4DA0-B4C9-5CB71E5836A9}"
EndProject
Project("{2150E333-8FDC-42A3-9474-1A3956D46DE8}") = "Driver", "Driver", "{594D99D9-F1C5-4AE4-9852-22E8CAC6648B}"
EndProject
Global
	GlobalSection(SolutionConfigurationPlatforms) = preSolution
		Debug|ARM = Debug|ARM
		Debug|ARM64 = Debug|ARM64
		Debug|Win32 = Debug|Win32
		Debug|x64 = Debug|x64
		Release|ARM = Release|ARM
		Release|ARM64 = Release|ARM64
		Release|Win32 = Release|Win32
		Release|x64 = Release|x64
	EndGlobalSection
	GlobalSection(ProjectConfigurationPlatforms) = postSolution
		{5358EDF5-FF61-4DA0-B4C9-5CB71E5836A9}.Debug|ARM.ActiveCfg = Debug|ARM
		{5358EDF5-FF61-4DA0-B4C9-5CB71E5836A9}.Debug|ARM.Build.0 = Debug|ARM
		{5358EDF5-FF61-4DA0-B4C9-5CB71E5836A9}.Debug|ARM.Deploy.0 = Debug|ARM
		{5358EDF5-FF61-4DA0-B4C9-5CB71E5836A9}.Debug|ARM64.ActiveCfg = Debug|ARM64
		{5358EDF5-FF61-4DA0-B4C9-5CB71E5836A9}.Debug|ARM64.Build.0 = Debug|ARM64
		{5358EDF5-FF61-4DA0-B4C9-5CB71E5836A9}.Debug|ARM64.Deploy.0 = Debug|ARM64
		{5358EDF5-FF61-4DA0-B4C9-5CB71E5836A9}.Debug|Win32.ActiveCfg = Debug|Win32
		{5358EDF5-FF61-4DA0-B4C9-5CB71E5836A9}.Debug|Win32.Build.0 = Debug|Win32
		{5358EDF5-FF61-4DA0-B4C9-5CB71E5836A9}.Debug|Win32.Deploy.0 = Debug|Win32
		{5358EDF5-FF61-4DA0-B4C9-5CB71E5836A9}.Debug|x64.ActiveCfg = Debug|x64
		{5358EDF5-FF61-4DA0-B4C9-5CB71E5836A9}.Debug|x64.Build.0 = Debug|x64
		{5358EDF5-FF61-4DA0-B4C9-5CB71E5836A9}.Debug|x64.Deploy.0 = Debug|x64
		{5358EDF5-FF61-4DA0-B4C9-5CB71E5836A9}.Release|ARM.ActiveCfg = Release|ARM
		{5358EDF5-FF61-4DA0-B4C9-5CB71E5836A9}.Release|ARM.Build.0 = Release|ARM
		{5358EDF5-FF61-4DA0-B4C9-5CB71E5836A9}.Release|ARM.Deploy.0 = Release|ARM
		{5358EDF5-FF61-4DA0-B4C9-5CB71E5836A9}.Release|ARM64.ActiveCfg = Release|ARM64
		{5358EDF5-FF61-4DA0-B4C9-5CB71E5836A9}.Release|ARM64.Build.0 = Release|ARM64
		{5358EDF5-FF61-4DA0-B4C9-5CB71E5836A9}.Release|ARM64.Deploy.0 = Release|ARM64
		{5358EDF5-FF61-4DA0-B4C9-5CB71E5836A9}.Release|Win32.ActiveCfg = Release|Win32
		{5358EDF5-FF61-4DA0-B4C9-5CB71E5836A9}.Release|Win32.Build.0 = Release|Win32
		{5358EDF5-FF61-4DA0-B4C9-5CB71E5836A9}.Release|Win32.Deploy.0 = Release|Win32
		{5358EDF5-FF61-4DA0-B4C9-5CB71E5836A9}.Release|x64.ActiveCfg = Release|x64
		{5358EDF5-FF61-4DA0-B4C9-5CB71E5836A9}.Release|x64.Build.0 = Release|x64
		{5358EDF5-FF61-4DA0-B4C9-5CB71E5836A9}.Release|x64.Deploy.0 = Release|x64
	EndGlobalSection
	GlobalSection(SolutionProperties) = preSolution
		HideSolutionNode = FALSE
	EndGlobalSection
	GlobalSection(NestedProjects) = preSolution
		{5358EDF5-FF61-4DA0-B4C9-5CB71E5836A9} = {594D99D9-F1C5-4AE4-9852-22E8CAC6648B}
	EndGlobalSection
	GlobalSection(ExtensibilityGlobals) = postSolution
		SolutionGuid = {3C53DF26-FB8E-4D44-A9DD-843FF160604F}
	EndGlobalSection
EndGlobal
